
Microsoft Visual Studio Solution File, Format Version 12.00
# Visual Studio Version 16
VisualStudioVersion = 16.0.29926.136
MinimumVisualStudioVersion = 10.0.40219.1
Project("{8BC9CEB8-8B4A-11D0-8D11-00A0C91BC942}") = "sampleOnnxMNIST", "sampleOnnxMNIST\sampleOnnxMNIST.vcxproj", "{2588B2EC-A332-4FD4-81AA-DDE0B93C78AB}"
EndProject
Project("{888888A0-9F3D-457C-B088-3A5042F75D52}") = "train_mnist", "train_mnist\train_mnist.pyproj", "{55095E92-3B69-4D64-A277-32E626F79143}"
EndProject
Global
	GlobalSection(SolutionConfigurationPlatforms) = preSolution
		Debug|Any CPU = Debug|Any CPU
		Debug|x64 = Debug|x64
		Debug|x86 = Debug|x86
		Release|Any CPU = Release|Any CPU
		Release|x64 = Release|x64
		Release|x86 = Release|x86
	EndGlobalSection
	GlobalSection(ProjectConfigurationPlatforms) = postSolution
		{2588B2EC-A332-4FD4-81AA-DDE0B93C78AB}.Debug|Any CPU.ActiveCfg = Debug|Win32
		{2588B2EC-A332-4FD4-81AA-DDE0B93C78AB}.Debug|x64.ActiveCfg = Debug|x64
		{2588B2EC-A332-4FD4-81AA-DDE0B93C78AB}.Debug|x64.Build.0 = Debug|x64
		{2588B2EC-A332-4FD4-81AA-DDE0B93C78AB}.Debug|x86.ActiveCfg = Debug|Win32
		{2588B2EC-A332-4FD4-81AA-DDE0B93C78AB}.Debug|x86.Build.0 = Debug|Win32
		{2588B2EC-A332-4FD4-81AA-DDE0B93C78AB}.Release|Any CPU.ActiveCfg = Release|Win32
		{2588B2EC-A332-4FD4-81AA-DDE0B93C78AB}.Release|x64.ActiveCfg = Release|x64
		{2588B2EC-A332-4FD4-81AA-DDE0B93C78AB}.Release|x64.Build.0 = Release|x64
		{2588B2EC-A332-4FD4-81AA-DDE0B93C78AB}.Release|x86.ActiveCfg = Release|Win32
		{2588B2EC-A332-4FD4-81AA-DDE0B93C78AB}.Release|x86.Build.0 = Release|Win32
		{55095E92-3B69-4D64-A277-32E626F79143}.Debug|Any CPU.ActiveCfg = Debug|Any CPU
		{55095E92-3B69-4D64-A277-32E626F79143}.Debug|x64.ActiveCfg = Debug|Any CPU
		{55095E92-3B69-4D64-A277-32E626F79143}.Debug|x86.ActiveCfg = Debug|Any CPU
		{55095E92-3B69-4D64-A277-32E626F79143}.Release|Any CPU.ActiveCfg = Release|Any CPU
		{55095E92-3B69-4D64-A277-32E626F79143}.Release|x64.ActiveCfg = Release|Any CPU
		{55095E92-3B69-4D64-A277-32E626F79143}.Release|x86.ActiveCfg = Release|Any CPU
	EndGlobalSection
	GlobalSection(SolutionProperties) = preSolution
		HideSolutionNode = FALSE
	EndGlobalSection
	GlobalSection(ExtensibilityGlobals) = postSolution
		SolutionGuid = {7C6656F5-5E7D-4F6C-B1B9-B986073E2B0D}
	EndGlobalSection
EndGlobal
